
Microsoft Visual Studio Solution File, Format Version 12.00
# Visual Studio Version 17
VisualStudioVersion = 17.6.33815.320
MinimumVisualStudioVersion = 10.0.40219.1
Project("{FAE04EC0-301F-11D3-BF4B-00C04F79EFBC}") = "app", "app\app.csproj", "{817573B9-7985-4311-9CB8-036497962C71}"
EndProject
Global
	GlobalSection(SolutionConfigurationPlatforms) = preSolution
		Debug|Any CPU = Debug|Any CPU
		Release|Any CPU = Release|Any CPU
	EndGlobalSection
	GlobalSection(ProjectConfigurationPlatforms) = postSolution
		{817573B9-7985-4311-9CB8-036497962C71}.Debug|Any CPU.ActiveCfg = Debug|Any CPU
		{817573B9-7985-4311-9CB8-036497962C71}.Debug|Any CPU.Build.0 = Debug|Any CPU
		{817573B9-7985-4311-9CB8-036497962C71}.Release|Any CPU.ActiveCfg = Release|Any CPU
		{817573B9-7985-4311-9CB8-036497962C71}.Release|Any CPU.Build.0 = Release|Any CPU
	EndGlobalSection
	GlobalSection(SolutionProperties) = preSolution
		HideSolutionNode = FALSE
	EndGlobalSection
	GlobalSection(ExtensibilityGlobals) = postSolution
		SolutionGuid = {2EDDA52E-5AAC-4981-8EF6-ADA2D0D18C25}
	EndGlobalSection
EndGlobal
